
Microsoft Visual Studio Solution File, Format Version 12.00
# Visual Studio Version 16
VisualStudioVersion = 16.0.30621.155
MinimumVisualStudioVersion = 10.0.40219.1
Project("{FAE04EC0-301F-11D3-BF4B-00C04F79EFBC}") = "SEDC.CSharpOop.Homeworks02.RealCalculator", "SEDC.CSharpOop.Homeworks02.RealCalculator\SEDC.CSharpOop.Homeworks02.RealCalculator.csproj", "{E19A4899-1934-4CAA-8F9D-80B44AA953EB}"
EndProject
Project("{FAE04EC0-301F-11D3-BF4B-00C04F79EFBC}") = "SEDC.CSharpOop.Homeworks02.AverageNumber", "SEDC.CSharpOop.Homeworks02.AverageNumber\SEDC.CSharpOop.Homeworks02.AverageNumber.csproj", "{F3E3F7C6-C28E-4169-BFF8-4A35F8C93845}"
EndProject
Project("{FAE04EC0-301F-11D3-BF4B-00C04F79EFBC}") = "SEDC.CSharpOop.Homeworks02.SwapNumbers", "SEDC.CSharpOop.Homeworks02.SwapNumbers\SEDC.CSharpOop.Homeworks02.SwapNumbers.csproj", "{78526EC4-71CF-4603-A112-C0AD1AF371C9}"
EndProject
Global
	GlobalSection(SolutionConfigurationPlatforms) = preSolution
		Debug|Any CPU = Debug|Any CPU
		Release|Any CPU = Release|Any CPU
	EndGlobalSection
	GlobalSection(ProjectConfigurationPlatforms) = postSolution
		{E19A4899-1934-4CAA-8F9D-80B44AA953EB}.Debug|Any CPU.ActiveCfg = Debug|Any CPU
		{E19A4899-1934-4CAA-8F9D-80B44AA953EB}.Debug|Any CPU.Build.0 = Debug|Any CPU
		{E19A4899-1934-4CAA-8F9D-80B44AA953EB}.Release|Any CPU.ActiveCfg = Release|Any CPU
		{E19A4899-1934-4CAA-8F9D-80B44AA953EB}.Release|Any CPU.Build.0 = Release|Any CPU
		{F3E3F7C6-C28E-4169-BFF8-4A35F8C93845}.Debug|Any CPU.ActiveCfg = Debug|Any CPU
		{F3E3F7C6-C28E-4169-BFF8-4A35F8C93845}.Debug|Any CPU.Build.0 = Debug|Any CPU
		{F3E3F7C6-C28E-4169-BFF8-4A35F8C93845}.Release|Any CPU.ActiveCfg = Release|Any CPU
		{F3E3F7C6-C28E-4169-BFF8-4A35F8C93845}.Release|Any CPU.Build.0 = Release|Any CPU
		{78526EC4-71CF-4603-A112-C0AD1AF371C9}.Debug|Any CPU.ActiveCfg = Debug|Any CPU
		{78526EC4-71CF-4603-A112-C0AD1AF371C9}.Debug|Any CPU.Build.0 = Debug|Any CPU
		{78526EC4-71CF-4603-A112-C0AD1AF371C9}.Release|Any CPU.ActiveCfg = Release|Any CPU
		{78526EC4-71CF-4603-A112-C0AD1AF371C9}.Release|Any CPU.Build.0 = Release|Any CPU
	EndGlobalSection
	GlobalSection(SolutionProperties) = preSolution
		HideSolutionNode = FALSE
	EndGlobalSection
	GlobalSection(ExtensibilityGlobals) = postSolution
		SolutionGuid = {37065D58-91A7-4AE8-8766-B68CB0375C4E}
	EndGlobalSection
EndGlobal
