
Microsoft Visual Studio Solution File, Format Version 12.00
# Visual Studio Version 16
VisualStudioVersion = 16.0.31112.23
MinimumVisualStudioVersion = 10.0.40219.1
Project("{FAE04EC0-301F-11D3-BF4B-00C04F79EFBC}") = "SEDC.CSharpOop.CLass07.Exercise01", "SEDC.CSharpOop.CLass07.Exercise01\SEDC.CSharpOop.CLass07.Exercise01.csproj", "{ECBB1CC6-AE83-46FE-BCB3-7E43A4334E8F}"
EndProject
Project("{FAE04EC0-301F-11D3-BF4B-00C04F79EFBC}") = "SEDC.CSharpOop.CLass07.Domain", "SEDC.CSharpOop.CLass07.Domain\SEDC.CSharpOop.CLass07.Domain.csproj", "{BAAF1AD3-6CBC-4914-A3B4-DDF768444565}"
EndProject
Global
	GlobalSection(SolutionConfigurationPlatforms) = preSolution
		Debug|Any CPU = Debug|Any CPU
		Release|Any CPU = Release|Any CPU
	EndGlobalSection
	GlobalSection(ProjectConfigurationPlatforms) = postSolution
		{ECBB1CC6-AE83-46FE-BCB3-7E43A4334E8F}.Debug|Any CPU.ActiveCfg = Debug|Any CPU
		{ECBB1CC6-AE83-46FE-BCB3-7E43A4334E8F}.Debug|Any CPU.Build.0 = Debug|Any CPU
		{ECBB1CC6-AE83-46FE-BCB3-7E43A4334E8F}.Release|Any CPU.ActiveCfg = Release|Any CPU
		{ECBB1CC6-AE83-46FE-BCB3-7E43A4334E8F}.Release|Any CPU.Build.0 = Release|Any CPU
		{BAAF1AD3-6CBC-4914-A3B4-DDF768444565}.Debug|Any CPU.ActiveCfg = Debug|Any CPU
		{BAAF1AD3-6CBC-4914-A3B4-DDF768444565}.Debug|Any CPU.Build.0 = Debug|Any CPU
		{BAAF1AD3-6CBC-4914-A3B4-DDF768444565}.Release|Any CPU.ActiveCfg = Release|Any CPU
		{BAAF1AD3-6CBC-4914-A3B4-DDF768444565}.Release|Any CPU.Build.0 = Release|Any CPU
	EndGlobalSection
	GlobalSection(SolutionProperties) = preSolution
		HideSolutionNode = FALSE
	EndGlobalSection
	GlobalSection(ExtensibilityGlobals) = postSolution
		SolutionGuid = {FAA99F86-35EB-414B-A9DC-17857D8A25B1}
	EndGlobalSection
EndGlobal
